
Microsoft Visual Studio Solution File, Format Version 12.00
# Visual Studio Version 17
VisualStudioVersion = 17.1.32319.34
MinimumVisualStudioVersion = 10.0.40219.1
Project("{FAE04EC0-301F-11D3-BF4B-00C04F79EFBC}") = "MethodsExample", "MethodsExample\MethodsExample.csproj", "{758A51A4-6049-4380-B2F2-538AF840532B}"
EndProject
Project("{FAE04EC0-301F-11D3-BF4B-00C04F79EFBC}") = "ClassLibrary1", "ClassLibrary1\ClassLibrary1.csproj", "{B1E9D605-05B8-47D6-B343-48688674CBCC}"
EndProject
Global
	GlobalSection(SolutionConfigurationPlatforms) = preSolution
		Debug|Any CPU = Debug|Any CPU
		Release|Any CPU = Release|Any CPU
	EndGlobalSection
	GlobalSection(ProjectConfigurationPlatforms) = postSolution
		{758A51A4-6049-4380-B2F2-538AF840532B}.Debug|Any CPU.ActiveCfg = Debug|Any CPU
		{758A51A4-6049-4380-B2F2-538AF840532B}.Debug|Any CPU.Build.0 = Debug|Any CPU
		{758A51A4-6049-4380-B2F2-538AF840532B}.Release|Any CPU.ActiveCfg = Release|Any CPU
		{758A51A4-6049-4380-B2F2-538AF840532B}.Release|Any CPU.Build.0 = Release|Any CPU
		{B1E9D605-05B8-47D6-B343-48688674CBCC}.Debug|Any CPU.ActiveCfg = Debug|Any CPU
		{B1E9D605-05B8-47D6-B343-48688674CBCC}.Debug|Any CPU.Build.0 = Debug|Any CPU
		{B1E9D605-05B8-47D6-B343-48688674CBCC}.Release|Any CPU.ActiveCfg = Release|Any CPU
		{B1E9D605-05B8-47D6-B343-48688674CBCC}.Release|Any CPU.Build.0 = Release|Any CPU
	EndGlobalSection
	GlobalSection(SolutionProperties) = preSolution
		HideSolutionNode = FALSE
	EndGlobalSection
	GlobalSection(ExtensibilityGlobals) = postSolution
		SolutionGuid = {F5841505-0F73-4590-8798-98D8631F5455}
	EndGlobalSection
EndGlobal
